
Microsoft Visual Studio Solution File, Format Version 12.00
# Visual Studio Version 17
VisualStudioVersion = 17.0.31903.59
MinimumVisualStudioVersion = 10.0.40219.1
Project("{FAE04EC0-301F-11D3-BF4B-00C04F79EFBC}") = "API", "API\API.csproj", "{8F632975-04AD-4DAF-BD93-D27713E574C2}"
EndProject
Project("{FAE04EC0-301F-11D3-BF4B-00C04F79EFBC}") = "Application", "Application\Application.csproj", "{E545892F-C146-4DE1-BA0C-2D6C4823E95D}"
EndProject
Project("{FAE04EC0-301F-11D3-BF4B-00C04F79EFBC}") = "Domain", "Domain\Domain.csproj", "{214D6789-FC13-498A-9F45-DB0AF96E9842}"
EndProject
Project("{FAE04EC0-301F-11D3-BF4B-00C04F79EFBC}") = "Persistence", "Persistence\Persistence.csproj", "{E11E4489-4392-4F9F-B2A7-07AA3A2BA947}"
EndProject
Global
	GlobalSection(SolutionConfigurationPlatforms) = preSolution
		Debug|Any CPU = Debug|Any CPU
		Release|Any CPU = Release|Any CPU
	EndGlobalSection
	GlobalSection(SolutionProperties) = preSolution
		HideSolutionNode = FALSE
	EndGlobalSection
	GlobalSection(ProjectConfigurationPlatforms) = postSolution
		{8F632975-04AD-4DAF-BD93-D27713E574C2}.Debug|Any CPU.ActiveCfg = Debug|Any CPU
		{8F632975-04AD-4DAF-BD93-D27713E574C2}.Debug|Any CPU.Build.0 = Debug|Any CPU
		{8F632975-04AD-4DAF-BD93-D27713E574C2}.Release|Any CPU.ActiveCfg = Release|Any CPU
		{8F632975-04AD-4DAF-BD93-D27713E574C2}.Release|Any CPU.Build.0 = Release|Any CPU
		{E545892F-C146-4DE1-BA0C-2D6C4823E95D}.Debug|Any CPU.ActiveCfg = Debug|Any CPU
		{E545892F-C146-4DE1-BA0C-2D6C4823E95D}.Debug|Any CPU.Build.0 = Debug|Any CPU
		{E545892F-C146-4DE1-BA0C-2D6C4823E95D}.Release|Any CPU.ActiveCfg = Release|Any CPU
		{E545892F-C146-4DE1-BA0C-2D6C4823E95D}.Release|Any CPU.Build.0 = Release|Any CPU
		{214D6789-FC13-498A-9F45-DB0AF96E9842}.Debug|Any CPU.ActiveCfg = Debug|Any CPU
		{214D6789-FC13-498A-9F45-DB0AF96E9842}.Debug|Any CPU.Build.0 = Debug|Any CPU
		{214D6789-FC13-498A-9F45-DB0AF96E9842}.Release|Any CPU.ActiveCfg = Release|Any CPU
		{214D6789-FC13-498A-9F45-DB0AF96E9842}.Release|Any CPU.Build.0 = Release|Any CPU
		{E11E4489-4392-4F9F-B2A7-07AA3A2BA947}.Debug|Any CPU.ActiveCfg = Debug|Any CPU
		{E11E4489-4392-4F9F-B2A7-07AA3A2BA947}.Debug|Any CPU.Build.0 = Debug|Any CPU
		{E11E4489-4392-4F9F-B2A7-07AA3A2BA947}.Release|Any CPU.ActiveCfg = Release|Any CPU
		{E11E4489-4392-4F9F-B2A7-07AA3A2BA947}.Release|Any CPU.Build.0 = Release|Any CPU
	EndGlobalSection
EndGlobal
